
Microsoft Visual Studio Solution File, Format Version 12.00
# Visual Studio Version 16
VisualStudioVersion = 16.0.31613.86
MinimumVisualStudioVersion = 10.0.40219.1
Project("{9A19103F-16F7-4668-BE54-9A1E7A4F7556}") = "TechnoSolution.WebApi", "TechnoSolution.WebApi.csproj", "{F2981B1D-F402-423E-9C61-DADF67E7DFCE}"
EndProject
Global
	GlobalSection(SolutionConfigurationPlatforms) = preSolution
		Debug|Any CPU = Debug|Any CPU
		Release|Any CPU = Release|Any CPU
	EndGlobalSection
	GlobalSection(ProjectConfigurationPlatforms) = postSolution
		{F2981B1D-F402-423E-9C61-DADF67E7DFCE}.Debug|Any CPU.ActiveCfg = Debug|Any CPU
		{F2981B1D-F402-423E-9C61-DADF67E7DFCE}.Debug|Any CPU.Build.0 = Debug|Any CPU
		{F2981B1D-F402-423E-9C61-DADF67E7DFCE}.Release|Any CPU.ActiveCfg = Release|Any CPU
		{F2981B1D-F402-423E-9C61-DADF67E7DFCE}.Release|Any CPU.Build.0 = Release|Any CPU
	EndGlobalSection
	GlobalSection(SolutionProperties) = preSolution
		HideSolutionNode = FALSE
	EndGlobalSection
	GlobalSection(ExtensibilityGlobals) = postSolution
		SolutionGuid = {401800A3-E037-44B5-BDFD-9E99728D0514}
	EndGlobalSection
EndGlobal
